
Microsoft Visual Studio Solution File, Format Version 12.00
# Visual Studio Version 17
VisualStudioVersion = 17.0.31903.59
MinimumVisualStudioVersion = 10.0.40219.1
Project("{FAE04EC0-301F-11D3-BF4B-00C04F79EFBC}") = "LogInProject.Core", "LogInProject.Core\LogInProject.Core.csproj", "{682AB598-1F61-4F54-9007-8043BE30F666}"
EndProject
Project("{FAE04EC0-301F-11D3-BF4B-00C04F79EFBC}") = "LogInProject.Infrastructure", "LogInProject.Infrastructure\LogInProject.Infrastructure.csproj", "{A440F0E6-6FFD-4BE3-8C3D-85575E90D939}"
EndProject
Project("{FAE04EC0-301F-11D3-BF4B-00C04F79EFBC}") = "LogInProject.Application", "LogInProject.Application\LogInProject.Application.csproj", "{7A41034B-8280-4106-A5AC-19F56658C6C5}"
EndProject
Project("{FAE04EC0-301F-11D3-BF4B-00C04F79EFBC}") = "LogInProject.API", "LogInProject.API\LogInProject.API.csproj", "{4E28668C-1CB7-419B-8F13-D304904725AE}"
EndProject
Project("{FAE04EC0-301F-11D3-BF4B-00C04F79EFBC}") = "LogInProject.Tests", "LogInProject.Tests\LogInProject.Tests.csproj", "{147AA6DD-5A70-4257-8BB1-0DF4CC30F21D}"
EndProject
Global
	GlobalSection(SolutionConfigurationPlatforms) = preSolution
		Debug|Any CPU = Debug|Any CPU
		Release|Any CPU = Release|Any CPU
	EndGlobalSection
	GlobalSection(SolutionProperties) = preSolution
		HideSolutionNode = FALSE
	EndGlobalSection
	GlobalSection(ProjectConfigurationPlatforms) = postSolution
		{682AB598-1F61-4F54-9007-8043BE30F666}.Debug|Any CPU.ActiveCfg = Debug|Any CPU
		{682AB598-1F61-4F54-9007-8043BE30F666}.Debug|Any CPU.Build.0 = Debug|Any CPU
		{682AB598-1F61-4F54-9007-8043BE30F666}.Release|Any CPU.ActiveCfg = Release|Any CPU
		{682AB598-1F61-4F54-9007-8043BE30F666}.Release|Any CPU.Build.0 = Release|Any CPU
		{A440F0E6-6FFD-4BE3-8C3D-85575E90D939}.Debug|Any CPU.ActiveCfg = Debug|Any CPU
		{A440F0E6-6FFD-4BE3-8C3D-85575E90D939}.Debug|Any CPU.Build.0 = Debug|Any CPU
		{A440F0E6-6FFD-4BE3-8C3D-85575E90D939}.Release|Any CPU.ActiveCfg = Release|Any CPU
		{A440F0E6-6FFD-4BE3-8C3D-85575E90D939}.Release|Any CPU.Build.0 = Release|Any CPU
		{7A41034B-8280-4106-A5AC-19F56658C6C5}.Debug|Any CPU.ActiveCfg = Debug|Any CPU
		{7A41034B-8280-4106-A5AC-19F56658C6C5}.Debug|Any CPU.Build.0 = Debug|Any CPU
		{7A41034B-8280-4106-A5AC-19F56658C6C5}.Release|Any CPU.ActiveCfg = Release|Any CPU
		{7A41034B-8280-4106-A5AC-19F56658C6C5}.Release|Any CPU.Build.0 = Release|Any CPU
		{4E28668C-1CB7-419B-8F13-D304904725AE}.Debug|Any CPU.ActiveCfg = Debug|Any CPU
		{4E28668C-1CB7-419B-8F13-D304904725AE}.Debug|Any CPU.Build.0 = Debug|Any CPU
		{4E28668C-1CB7-419B-8F13-D304904725AE}.Release|Any CPU.ActiveCfg = Release|Any CPU
		{4E28668C-1CB7-419B-8F13-D304904725AE}.Release|Any CPU.Build.0 = Release|Any CPU
		{147AA6DD-5A70-4257-8BB1-0DF4CC30F21D}.Debug|Any CPU.ActiveCfg = Debug|Any CPU
		{147AA6DD-5A70-4257-8BB1-0DF4CC30F21D}.Debug|Any CPU.Build.0 = Debug|Any CPU
		{147AA6DD-5A70-4257-8BB1-0DF4CC30F21D}.Release|Any CPU.ActiveCfg = Release|Any CPU
		{147AA6DD-5A70-4257-8BB1-0DF4CC30F21D}.Release|Any CPU.Build.0 = Release|Any CPU
	EndGlobalSection
EndGlobal
